{
  "name": "react-native-location-view",
  "version": "0.2.1",
  "lockfileVersion": 1,
  "requires": true,
  "dependencies": {
    "@react-native-community/geolocation": {
      "version": "2.0.2",
      "resolved": "https://registry.npmjs.org/@react-native-community/geolocation/-/geolocation-2.0.2.tgz",
      "integrity": "sha512-tTNXRCgnhJBu79mulQwzabXRpDqfh/uaDqfHVpvF0nX4NTpolpy6mvTRiFg7eWFPGRArsnZz1EYp6rHfJWGgEA=="
    }
  }
}
